
Microsoft Visual Studio Solution File, Format Version 12.00
# Visual Studio Version 16
VisualStudioVersion = 16.0.31410.357
MinimumVisualStudioVersion = 10.0.40219.1
Project("{FAE04EC0-301F-11D3-BF4B-00C04F79EFBC}") = "my-book5", "my-book5\my-book5.csproj", "{133ABFF5-0BA7-4418-B47F-DAC69237C747}"
EndProject
Global
	GlobalSection(SolutionConfigurationPlatforms) = preSolution
		Debug|Any CPU = Debug|Any CPU
		Release|Any CPU = Release|Any CPU
	EndGlobalSection
	GlobalSection(ProjectConfigurationPlatforms) = postSolution
		{133ABFF5-0BA7-4418-B47F-DAC69237C747}.Debug|Any CPU.ActiveCfg = Debug|Any CPU
		{133ABFF5-0BA7-4418-B47F-DAC69237C747}.Debug|Any CPU.Build.0 = Debug|Any CPU
		{133ABFF5-0BA7-4418-B47F-DAC69237C747}.Release|Any CPU.ActiveCfg = Release|Any CPU
		{133ABFF5-0BA7-4418-B47F-DAC69237C747}.Release|Any CPU.Build.0 = Release|Any CPU
	EndGlobalSection
	GlobalSection(SolutionProperties) = preSolution
		HideSolutionNode = FALSE
	EndGlobalSection
	GlobalSection(ExtensibilityGlobals) = postSolution
		SolutionGuid = {3E917866-F121-4DD1-964A-AB46369ADEDF}
	EndGlobalSection
EndGlobal
